
Microsoft Visual Studio Solution File, Format Version 12.00
# Visual Studio Version 17
VisualStudioVersion = 17.0.32112.339
MinimumVisualStudioVersion = 10.0.40219.1
Project("{FAE04EC0-301F-11D3-BF4B-00C04F79EFBC}") = "Cash Register", "Cash Register\Cash Register.csproj", "{4BE5378B-65B1-459E-8A79-4E0EA2CEB3A2}"
EndProject
Global
	GlobalSection(SolutionConfigurationPlatforms) = preSolution
		Debug|Any CPU = Debug|Any CPU
		Release|Any CPU = Release|Any CPU
	EndGlobalSection
	GlobalSection(ProjectConfigurationPlatforms) = postSolution
		{4BE5378B-65B1-459E-8A79-4E0EA2CEB3A2}.Debug|Any CPU.ActiveCfg = Debug|Any CPU
		{4BE5378B-65B1-459E-8A79-4E0EA2CEB3A2}.Debug|Any CPU.Build.0 = Debug|Any CPU
		{4BE5378B-65B1-459E-8A79-4E0EA2CEB3A2}.Release|Any CPU.ActiveCfg = Release|Any CPU
		{4BE5378B-65B1-459E-8A79-4E0EA2CEB3A2}.Release|Any CPU.Build.0 = Release|Any CPU
	EndGlobalSection
	GlobalSection(SolutionProperties) = preSolution
		HideSolutionNode = FALSE
	EndGlobalSection
	GlobalSection(ExtensibilityGlobals) = postSolution
		SolutionGuid = {372D05EE-FB25-4B2C-B26B-6B222CB90C0F}
	EndGlobalSection
EndGlobal
